
Microsoft Visual Studio Solution File, Format Version 12.00
# Visual Studio Version 17
VisualStudioVersion = 17.2.32630.192
MinimumVisualStudioVersion = 10.0.40219.1
Project("{9A19103F-16F7-4668-BE54-9A1E7A4F7556}") = "ANSWER", "ANSWER\ANSWER.csproj", "{E12B5A13-419C-446D-9F1C-1DEA2249D4D6}"
EndProject
Project("{9A19103F-16F7-4668-BE54-9A1E7A4F7556}") = "ProductsApplicationCore", "ProductsApplicationCore\ProductsApplicationCore.csproj", "{18610EE7-B7F3-414A-8AAA-58FA16F21FBF}"
EndProject
Project("{FAE04EC0-301F-11D3-BF4B-00C04F79EFBC}") = "Infrastructure", "Infrastructure\Infrastructure.csproj", "{67004183-5DB4-47A7-921C-7FBB50010612}"
EndProject
Global
	GlobalSection(SolutionConfigurationPlatforms) = preSolution
		Debug|Any CPU = Debug|Any CPU
		Release|Any CPU = Release|Any CPU
	EndGlobalSection
	GlobalSection(ProjectConfigurationPlatforms) = postSolution
		{E12B5A13-419C-446D-9F1C-1DEA2249D4D6}.Debug|Any CPU.ActiveCfg = Debug|Any CPU
		{E12B5A13-419C-446D-9F1C-1DEA2249D4D6}.Debug|Any CPU.Build.0 = Debug|Any CPU
		{E12B5A13-419C-446D-9F1C-1DEA2249D4D6}.Release|Any CPU.ActiveCfg = Release|Any CPU
		{E12B5A13-419C-446D-9F1C-1DEA2249D4D6}.Release|Any CPU.Build.0 = Release|Any CPU
		{18610EE7-B7F3-414A-8AAA-58FA16F21FBF}.Debug|Any CPU.ActiveCfg = Debug|Any CPU
		{18610EE7-B7F3-414A-8AAA-58FA16F21FBF}.Debug|Any CPU.Build.0 = Debug|Any CPU
		{18610EE7-B7F3-414A-8AAA-58FA16F21FBF}.Release|Any CPU.ActiveCfg = Release|Any CPU
		{18610EE7-B7F3-414A-8AAA-58FA16F21FBF}.Release|Any CPU.Build.0 = Release|Any CPU
		{67004183-5DB4-47A7-921C-7FBB50010612}.Debug|Any CPU.ActiveCfg = Debug|Any CPU
		{67004183-5DB4-47A7-921C-7FBB50010612}.Debug|Any CPU.Build.0 = Debug|Any CPU
		{67004183-5DB4-47A7-921C-7FBB50010612}.Release|Any CPU.ActiveCfg = Release|Any CPU
		{67004183-5DB4-47A7-921C-7FBB50010612}.Release|Any CPU.Build.0 = Release|Any CPU
	EndGlobalSection
	GlobalSection(SolutionProperties) = preSolution
		HideSolutionNode = FALSE
	EndGlobalSection
	GlobalSection(ExtensibilityGlobals) = postSolution
		SolutionGuid = {7A2AA751-0C09-4076-8A00-A98B19672C6B}
	EndGlobalSection
EndGlobal
